
Microsoft Visual Studio Solution File, Format Version 12.00
# Visual Studio Version 16
VisualStudioVersion = 16.0.30011.22
MinimumVisualStudioVersion = 10.0.40219.1
Project("{FAE04EC0-301F-11D3-BF4B-00C04F79EFBC}") = "Sorting Algorithms", "Sorting Algorithms\Sorting Algorithms.csproj", "{C47E4E04-17C1-448A-B2CA-DE2F0F1C66B4}"
EndProject
Global
	GlobalSection(SolutionConfigurationPlatforms) = preSolution
		Debug|Any CPU = Debug|Any CPU
		Release|Any CPU = Release|Any CPU
	EndGlobalSection
	GlobalSection(ProjectConfigurationPlatforms) = postSolution
		{C47E4E04-17C1-448A-B2CA-DE2F0F1C66B4}.Debug|Any CPU.ActiveCfg = Debug|Any CPU
		{C47E4E04-17C1-448A-B2CA-DE2F0F1C66B4}.Debug|Any CPU.Build.0 = Debug|Any CPU
		{C47E4E04-17C1-448A-B2CA-DE2F0F1C66B4}.Release|Any CPU.ActiveCfg = Release|Any CPU
		{C47E4E04-17C1-448A-B2CA-DE2F0F1C66B4}.Release|Any CPU.Build.0 = Release|Any CPU
	EndGlobalSection
	GlobalSection(SolutionProperties) = preSolution
		HideSolutionNode = FALSE
	EndGlobalSection
	GlobalSection(ExtensibilityGlobals) = postSolution
		SolutionGuid = {872AEE97-ACCF-433D-AE61-33A9AA59EDDF}
	EndGlobalSection
EndGlobal
